
Microsoft Visual Studio Solution File, Format Version 12.00
# Visual Studio 15
VisualStudioVersion = 15.0.28307.1525
MinimumVisualStudioVersion = 10.0.40219.1
Project("{FAE04EC0-301F-11D3-BF4B-00C04F79EFBC}") = "WebApplication2", "WebApplication2\WebApplication2.csproj", "{3F45024F-31B3-41F2-935F-08F98C407D5E}"
EndProject
Global
	GlobalSection(SolutionConfigurationPlatforms) = preSolution
		Debug|Any CPU = Debug|Any CPU
		Release|Any CPU = Release|Any CPU
	EndGlobalSection
	GlobalSection(ProjectConfigurationPlatforms) = postSolution
		{3F45024F-31B3-41F2-935F-08F98C407D5E}.Debug|Any CPU.ActiveCfg = Debug|Any CPU
		{3F45024F-31B3-41F2-935F-08F98C407D5E}.Debug|Any CPU.Build.0 = Debug|Any CPU
		{3F45024F-31B3-41F2-935F-08F98C407D5E}.Release|Any CPU.ActiveCfg = Release|Any CPU
		{3F45024F-31B3-41F2-935F-08F98C407D5E}.Release|Any CPU.Build.0 = Release|Any CPU
	EndGlobalSection
	GlobalSection(SolutionProperties) = preSolution
		HideSolutionNode = FALSE
	EndGlobalSection
	GlobalSection(ExtensibilityGlobals) = postSolution
		SolutionGuid = {AEDF6043-300E-4CBE-9E29-7EA63F2D19CE}
	EndGlobalSection
EndGlobal
